
Microsoft Visual Studio Solution File, Format Version 12.00
# Visual Studio 14
VisualStudioVersion = 14.0.25123.0
MinimumVisualStudioVersion = 10.0.40219.1
Project("{FAE04EC0-301F-11D3-BF4B-00C04F79EFBC}") = "Movies.Core", "Movies.Core\Movies.Core.csproj", "{D3C09C41-FD33-4F14-A3A7-9BB92DF2B33D}"
EndProject
Project("{2150E333-8FDC-42A3-9474-1A3956D46DE8}") = "src", "src", "{F35C0603-8B7C-4DB9-AAF9-413195742444}"
EndProject
Project("{FAE04EC0-301F-11D3-BF4B-00C04F79EFBC}") = "Movies.CommandLine", "Movies.CommandLine\Movies.CommandLine.csproj", "{457415D5-CF9A-4FA3-8B11-47B1937C2AB7}"
EndProject
Global
	GlobalSection(SolutionConfigurationPlatforms) = preSolution
		Debug|Any CPU = Debug|Any CPU
		Release|Any CPU = Release|Any CPU
	EndGlobalSection
	GlobalSection(ProjectConfigurationPlatforms) = postSolution
		{D3C09C41-FD33-4F14-A3A7-9BB92DF2B33D}.Debug|Any CPU.ActiveCfg = Debug|Any CPU
		{D3C09C41-FD33-4F14-A3A7-9BB92DF2B33D}.Debug|Any CPU.Build.0 = Debug|Any CPU
		{D3C09C41-FD33-4F14-A3A7-9BB92DF2B33D}.Release|Any CPU.ActiveCfg = Release|Any CPU
		{D3C09C41-FD33-4F14-A3A7-9BB92DF2B33D}.Release|Any CPU.Build.0 = Release|Any CPU
		{457415D5-CF9A-4FA3-8B11-47B1937C2AB7}.Debug|Any CPU.ActiveCfg = Debug|Any CPU
		{457415D5-CF9A-4FA3-8B11-47B1937C2AB7}.Debug|Any CPU.Build.0 = Debug|Any CPU
		{457415D5-CF9A-4FA3-8B11-47B1937C2AB7}.Release|Any CPU.ActiveCfg = Release|Any CPU
		{457415D5-CF9A-4FA3-8B11-47B1937C2AB7}.Release|Any CPU.Build.0 = Release|Any CPU
	EndGlobalSection
	GlobalSection(SolutionProperties) = preSolution
		HideSolutionNode = FALSE
	EndGlobalSection
	GlobalSection(NestedProjects) = preSolution
		{D3C09C41-FD33-4F14-A3A7-9BB92DF2B33D} = {F35C0603-8B7C-4DB9-AAF9-413195742444}
		{457415D5-CF9A-4FA3-8B11-47B1937C2AB7} = {F35C0603-8B7C-4DB9-AAF9-413195742444}
	EndGlobalSection
EndGlobal
